# This file is automatically @generated by Poetry 1.4.0 and should not be changed by hand.

[[package]]
name = "emoji"
version = "2.12.1"
description = "Emoji for Python"
category = "main"
optional = false
python-versions = ">=3.7"
files = [
    {file = "emoji-2.12.1-py3-none-any.whl", hash = "sha256:a00d62173bdadc2510967a381810101624a2f0986145b8da0cffa42e29430235"},
    {file = "emoji-2.12.1.tar.gz", hash = "sha256:4aa0488817691aa58d83764b6c209f8a27c0b3ab3f89d1b8dceca1a62e4973eb"},
]

[package.dependencies]
typing-extensions = ">=4.7.0"

[package.extras]
dev = ["coverage", "pytest (>=7.4.4)"]

[[package]]
name = "typing-extensions"
version = "4.12.2"
description = "Backported and Experimental Type Hints for Python 3.8+"
category = "main"
optional = false
python-versions = ">=3.8"
files = [
    {file = "typing_extensions-4.12.2-py3-none-any.whl", hash = "sha256:04e5ca0351e0f3f85c6853954072df659d0d13fac324d0072316b67d7794700d"},
    {file = "typing_extensions-4.12.2.tar.gz", hash = "sha256:1a7ead55c7e559dd4dee8856e3a88b41225abfe1ce8df57b7c13915fe121ffb8"},
]

[metadata]
lock-version = "2.0"
python-versions = "^3.9"
content-hash = "d2ce7c28d8f0056acb8654c795e108bf261999d3011fe039b1eaf51549173591"
